// !$*UTF8*$!
{
	archiveVersion = 1;
	classes = {
	};
	objectVersion = 50;
	objects = {

/* Begin PBXBuildFile section */
		4F0D3149218ECFD400040848 /* AppDelegate.swift in Sources */ = {isa = PBXBuildFile; fileRef = 4F0D3148218ECFD400040848 /* AppDelegate.swift */; };
		4F0D314B218ECFD400040848 /* ViewController.swift in Sources */ = {isa = PBXBuildFile; fileRef = 4F0D314A218ECFD400040848 /* ViewController.swift */; };
		4F0D314E218ECFD400040848 /* Main.storyboard in Resources */ = {isa = PBXBuildFile; fileRef = 4F0D314C218ECFD400040848 /* Main.storyboard */; };
		4F0D3150218ECFD500040848 /* Assets.xcassets in Resources */ = {isa = PBXBuildFile; fileRef = 4F0D314F218ECFD500040848 /* Assets.xcassets */; };
		4F0D3153218ECFD500040848 /* LaunchScreen.storyboard in Resources */ = {isa = PBXBuildFile; fileRef = 4F0D3151218ECFD500040848 /* LaunchScreen.storyboard */; };
		4F0D315E218ED37300040848 /* AdsCollectionViewCell.swift in Sources */ = {isa = PBXBuildFile; fileRef = 4F0D315C218ED37300040848 /* AdsCollectionViewCell.swift */; };
		4F0D315F218ED37300040848 /* AdsCollectionViewCell.xib in Resources */ = {isa = PBXBuildFile; fileRef = 4F0D315D218ED37300040848 /* AdsCollectionViewCell.xib */; };
		4F0D3165218ED4C700040848 /* PopularBooksCollectionViewCell.swift in Sources */ = {isa = PBXBuildFile; fileRef = 4F0D3163218ED4C700040848 /* PopularBooksCollectionViewCell.swift */; };
		4F0D3166218ED4C700040848 /* PopularBooksCollectionViewCell.xib in Resources */ = {isa = PBXBuildFile; fileRef = 4F0D3164218ED4C700040848 /* PopularBooksCollectionViewCell.xib */; };
		4F0D3169218ED58800040848 /* BookCollectionViewCell.swift in Sources */ = {isa = PBXBuildFile; fileRef = 4F0D3167218ED58800040848 /* BookCollectionViewCell.swift */; };
		4F0D316A218ED58800040848 /* BookCollectionViewCell.xib in Resources */ = {isa = PBXBuildFile; fileRef = 4F0D3168218ED58800040848 /* BookCollectionViewCell.xib */; };
		4F0D316C218ED99000040848 /* CellRegisterUtil.swift in Sources */ = {isa = PBXBuildFile; fileRef = 4F0D316B218ED99000040848 /* CellRegisterUtil.swift */; };
/* End PBXBuildFile section */

/* Begin PBXFileReference section */
		4F0D3145218ECFD400040848 /* CollectionViewWithSectionTest.app */ = {isa = PBXFileReference; explicitFileType = wrapper.application; includeInIndex = 0; path = CollectionViewWithSectionTest.app; sourceTree = BUILT_PRODUCTS_DIR; };
		4F0D3148218ECFD400040848 /* AppDelegate.swift */ = {isa = PBXFileReference; lastKnownFileType = sourcecode.swift; path = AppDelegate.swift; sourceTree = "<group>"; };
		4F0D314A218ECFD400040848 /* ViewController.swift */ = {isa = PBXFileReference; lastKnownFileType = sourcecode.swift; path = ViewController.swift; sourceTree = "<group>"; };
		4F0D314D218ECFD400040848 /* Base */ = {isa = PBXFileReference; lastKnownFileType = file.storyboard; name = Base; path = Base.lproj/Main.storyboard; sourceTree = "<group>"; };
		4F0D314F218ECFD500040848 /* Assets.xcassets */ = {isa = PBXFileReference; lastKnownFileType = folder.assetcatalog; path = Assets.xcassets; sourceTree = "<group>"; };
		4F0D3152218ECFD500040848 /* Base */ = {isa = PBXFileReference; lastKnownFileType = file.storyboard; name = Base; path = Base.lproj/LaunchScreen.storyboard; sourceTree = "<group>"; };
		4F0D3154218ECFD500040848 /* Info.plist */ = {isa = PBXFileReference; lastKnownFileType = text.plist.xml; path = Info.plist; sourceTree = "<group>"; };
		4F0D315C218ED37300040848 /* AdsCollectionViewCell.swift */ = {isa = PBXFileReference; lastKnownFileType = sourcecode.swift; path = AdsCollectionViewCell.swift; sourceTree = "<group>"; };
		4F0D315D218ED37300040848 /* AdsCollectionViewCell.xib */ = {isa = PBXFileReference; lastKnownFileType = file.xib; path = AdsCollectionViewCell.xib; sourceTree = "<group>"; };
		4F0D3163218ED4C700040848 /* PopularBooksCollectionViewCell.swift */ = {isa = PBXFileReference; lastKnownFileType = sourcecode.swift; path = PopularBooksCollectionViewCell.swift; sourceTree = "<group>"; };
		4F0D3164218ED4C700040848 /* PopularBooksCollectionViewCell.xib */ = {isa = PBXFileReference; lastKnownFileType = file.xib; path = PopularBooksCollectionViewCell.xib; sourceTree = "<group>"; };
		4F0D3167218ED58800040848 /* BookCollectionViewCell.swift */ = {isa = PBXFileReference; lastKnownFileType = sourcecode.swift; path = BookCollectionViewCell.swift; sourceTree = "<group>"; };
		4F0D3168218ED58800040848 /* BookCollectionViewCell.xib */ = {isa = PBXFileReference; lastKnownFileType = file.xib; path = BookCollectionViewCell.xib; sourceTree = "<group>"; };
		4F0D316B218ED99000040848 /* CellRegisterUtil.swift */ = {isa = PBXFileReference; lastKnownFileType = sourcecode.swift; path = CellRegisterUtil.swift; sourceTree = "<group>"; };
/* End PBXFileReference section */

/* Begin PBXFrameworksBuildPhase section */
		4F0D3142218ECFD400040848 /* Frameworks */ = {
			isa = PBXFrameworksBuildPhase;
			buildActionMask = 2147483647;
			files = (
			);
			runOnlyForDeploymentPostprocessing = 0;
		};
/* End PBXFrameworksBuildPhase section */

/* Begin PBXGroup section */
		4F0D313C218ECFD400040848 = {
			isa = PBXGroup;
			children = (
				4F0D3147218ECFD400040848 /* CollectionViewWithSectionTest */,
				4F0D3146218ECFD400040848 /* Products */,
			);
			sourceTree = "<group>";
		};
		4F0D3146218ECFD400040848 /* Products */ = {
			isa = PBXGroup;
			children = (
				4F0D3145218ECFD400040848 /* CollectionViewWithSectionTest.app */,
			);
			name = Products;
			sourceTree = "<group>";
		};
		4F0D3147218ECFD400040848 /* CollectionViewWithSectionTest */ = {
			isa = PBXGroup;
			children = (
				4F0D3162218ED49700040848 /* storyBoards */,
				4F0D3161218ED48800040848 /* viewControllers */,
				4F0D3160218ED47E00040848 /* cells */,
				4F0D3148218ECFD400040848 /* AppDelegate.swift */,
				4F0D314F218ECFD500040848 /* Assets.xcassets */,
				4F0D3154218ECFD500040848 /* Info.plist */,
				4F0D316B218ED99000040848 /* CellRegisterUtil.swift */,
			);
			path = CollectionViewWithSectionTest;
			sourceTree = "<group>";
		};
		4F0D3160218ED47E00040848 /* cells */ = {
			isa = PBXGroup;
			children = (
				4F0D315C218ED37300040848 /* AdsCollectionViewCell.swift */,
				4F0D315D218ED37300040848 /* AdsCollectionViewCell.xib */,
				4F0D3163218ED4C700040848 /* PopularBooksCollectionViewCell.swift */,
				4F0D3164218ED4C700040848 /* PopularBooksCollectionViewCell.xib */,
				4F0D3167218ED58800040848 /* BookCollectionViewCell.swift */,
				4F0D3168218ED58800040848 /* BookCollectionViewCell.xib */,
			);
			path = cells;
			sourceTree = "<group>";
		};
		4F0D3161218ED48800040848 /* viewControllers */ = {
			isa = PBXGroup;
			children = (
				4F0D314A218ECFD400040848 /* ViewController.swift */,
			);
			path = viewControllers;
			sourceTree = "<group>";
		};
		4F0D3162218ED49700040848 /* storyBoards */ = {
			isa = PBXGroup;
			children = (
				4F0D314C218ECFD400040848 /* Main.storyboard */,
				4F0D3151218ECFD500040848 /* LaunchScreen.storyboard */,
			);
			path = storyBoards;
			sourceTree = "<group>";
		};
/* End PBXGroup section */

/* Begin PBXNativeTarget section */
		4F0D3144218ECFD400040848 /* CollectionViewWithSectionTest */ = {
			isa = PBXNativeTarget;
			buildConfigurationList = 4F0D3157218ECFD500040848 /* Build configuration list for PBXNativeTarget "CollectionViewWithSectionTest" */;
			buildPhases = (
				4F0D3141218ECFD400040848 /* Sources */,
				4F0D3142218ECFD400040848 /* Frameworks */,
				4F0D3143218ECFD400040848 /* Resources */,
			);
			buildRules = (
			);
			dependencies = (
			);
			name = CollectionViewWithSectionTest;
			productName = CollectionViewWithSectionTest;
			productReference = 4F0D3145218ECFD400040848 /* CollectionViewWithSectionTest.app */;
			productType = "com.apple.product-type.application";
		};
/* End PBXNativeTarget section */

/* Begin PBXProject section */
		4F0D313D218ECFD400040848 /* Project object */ = {
			isa = PBXProject;
			attributes = {
				LastSwiftUpdateCheck = 1000;
				LastUpgradeCheck = 1000;
				ORGANIZATIONNAME = PrimeYZ;
				TargetAttributes = {
					4F0D3144218ECFD400040848 = {
						CreatedOnToolsVersion = 10.0;
					};
				};
			};
			buildConfigurationList = 4F0D3140218ECFD400040848 /* Build configuration list for PBXProject "CollectionViewWithSectionTest" */;
			compatibilityVersion = "Xcode 9.3";
			developmentRegion = en;
			hasScannedForEncodings = 0;
			knownRegions = (
				en,
				Base,
			);
			mainGroup = 4F0D313C218ECFD400040848;
			productRefGroup = 4F0D3146218ECFD400040848 /* Products */;
			projectDirPath = "";
			projectRoot = "";
			targets = (
				4F0D3144218ECFD400040848 /* CollectionViewWithSectionTest */,
			);
		};
/* End PBXProject section */

/* Begin PBXResourcesBuildPhase section */
		4F0D3143218ECFD400040848 /* Resources */ = {
			isa = PBXResourcesBuildPhase;
			buildActionMask = 2147483647;
			files = (
				4F0D3153218ECFD500040848 /* LaunchScreen.storyboard in Resources */,
				4F0D316A218ED58800040848 /* BookCollectionViewCell.xib in Resources */,
				4F0D315F218ED37300040848 /* AdsCollectionViewCell.xib in Resources */,
				4F0D3150218ECFD500040848 /* Assets.xcassets in Resources */,
				4F0D314E218ECFD400040848 /* Main.storyboard in Resources */,
				4F0D3166218ED4C700040848 /* PopularBooksCollectionViewCell.xib in Resources */,
			);
			runOnlyForDeploymentPostprocessing = 0;
		};
/* End PBXResourcesBuildPhase section */

/* Begin PBXSourcesBuildPhase section */
		4F0D3141218ECFD400040848 /* Sources */ = {
			isa = PBXSourcesBuildPhase;
			buildActionMask = 2147483647;
			files = (
				4F0D314B218ECFD400040848 /* ViewController.swift in Sources */,
				4F0D315E218ED37300040848 /* AdsCollectionViewCell.swift in Sources */,
				4F0D316C218ED99000040848 /* CellRegisterUtil.swift in Sources */,
				4F0D3149218ECFD400040848 /* AppDelegate.swift in Sources */,
				4F0D3169218ED58800040848 /* BookCollectionViewCell.swift in Sources */,
				4F0D3165218ED4C700040848 /* PopularBooksCollectionViewCell.swift in Sources */,
			);
			runOnlyForDeploymentPostprocessing = 0;
		};
/* End PBXSourcesBuildPhase section */

/* Begin PBXVariantGroup section */
		4F0D314C218ECFD400040848 /* Main.storyboard */ = {
			isa = PBXVariantGroup;
			children = (
				4F0D314D218ECFD400040848 /* Base */,
			);
			name = Main.storyboard;
			sourceTree = "<group>";
		};
		4F0D3151218ECFD500040848 /* LaunchScreen.storyboard */ = {
			isa = PBXVariantGroup;
			children = (
				4F0D3152218ECFD500040848 /* Base */,
			);
			name = LaunchScreen.storyboard;
			sourceTree = "<group>";
		};
/* End PBXVariantGroup section */

/* Begin XCBuildConfiguration section */
		4F0D3155218ECFD500040848 /* Debug */ = {
			isa = XCBuildConfiguration;
			buildSettings = {
				ALWAYS_SEARCH_USER_PATHS = NO;
				CLANG_ANALYZER_NONNULL = YES;
				CLANG_ANALYZER_NUMBER_OBJECT_CONVERSION = YES_AGGRESSIVE;
				CLANG_CXX_LANGUAGE_STANDARD = "gnu++14";
				CLANG_CXX_LIBRARY = "libc++";
				CLANG_ENABLE_MODULES = YES;
				CLANG_ENABLE_OBJC_ARC = YES;
				CLANG_ENABLE_OBJC_WEAK = YES;
				CLANG_WARN_BLOCK_CAPTURE_AUTORELEASING = YES;
				CLANG_WARN_BOOL_CONVERSION = YES;
				CLANG_WARN_COMMA = YES;
				CLANG_WARN_CONSTANT_CONVERSION = YES;
				CLANG_WARN_DEPRECATED_OBJC_IMPLEMENTATIONS = YES;
				CLANG_WARN_DIRECT_OBJC_ISA_USAGE = YES_ERROR;
				CLANG_WARN_DOCUMENTATION_COMMENTS = YES;
				CLANG_WARN_EMPTY_BODY = YES;
				CLANG_WARN_ENUM_CONVERSION = YES;
				CLANG_WARN_INFINITE_RECURSION = YES;
				CLANG_WARN_INT_CONVERSION = YES;
				CLANG_WARN_NON_LITERAL_NULL_CONVERSION = YES;
				CLANG_WARN_OBJC_IMPLICIT_RETAIN_SELF = YES;
				CLANG_WARN_OBJC_LITERAL_CONVERSION = YES;
				CLANG_WARN_OBJC_ROOT_CLASS = YES_ERROR;
				CLANG_WARN_RANGE_LOOP_ANALYSIS = YES;
				CLANG_WARN_STRICT_PROTOTYPES = YES;
				CLANG_WARN_SUSPICIOUS_MOVE = YES;
				CLANG_WARN_UNGUARDED_AVAILABILITY = YES_AGGRESSIVE;
				CLANG_WARN_UNREACHABLE_CODE = YES;
				CLANG_WARN__DUPLICATE_METHOD_MATCH = YES;
				CODE_SIGN_IDENTITY = "iPhone Developer";
				COPY_PHASE_STRIP = NO;
				DEBUG_INFORMATION_FORMAT = dwarf;
				ENABLE_STRICT_OBJC_MSGSEND = YES;
				ENABLE_TESTABILITY = YES;
				GCC_C_LANGUAGE_STANDARD = gnu11;
				GCC_DYNAMIC_NO_PIC = NO;
				GCC_NO_COMMON_BLOCKS = YES;
				GCC_OPTIMIZATION_LEVEL = 0;
				GCC_PREPROCESSOR_DEFINITIONS = (
					"DEBUG=1",
					"$(inherited)",
				);
				GCC_WARN_64_TO_32_BIT_CONVERSION = YES;
				GCC_WARN_ABOUT_RETURN_TYPE = YES_ERROR;
				GCC_WARN_UNDECLARED_SELECTOR = YES;
				GCC_WARN_UNINITIALIZED_AUTOS = YES_AGGRESSIVE;
				GCC_WARN_UNUSED_FUNCTION = YES;
				GCC_WARN_UNUSED_VARIABLE = YES;
				IPHONEOS_DEPLOYMENT_TARGET = 12.0;
				MTL_ENABLE_DEBUG_INFO = INCLUDE_SOURCE;
				MTL_FAST_MATH = YES;
				ONLY_ACTIVE_ARCH = YES;
				SDKROOT = iphoneos;
				SWIFT_ACTIVE_COMPILATION_CONDITIONS = DEBUG;
				SWIFT_OPTIMIZATION_LEVEL = "-Onone";
			};
			name = Debug;
		};
		4F0D3156218ECFD500040848 /* Release */ = {
			isa = XCBuildConfiguration;
			buildSettings = {
				ALWAYS_SEARCH_USER_PATHS = NO;
				CLANG_ANALYZER_NONNULL = YES;
				CLANG_ANALYZER_NUMBER_OBJECT_CONVERSION = YES_AGGRESSIVE;
				CLANG_CXX_LANGUAGE_STANDARD = "gnu++14";
				CLANG_CXX_LIBRARY = "libc++";
				CLANG_ENABLE_MODULES = YES;
				CLANG_ENABLE_OBJC_ARC = YES;
				CLANG_ENABLE_OBJC_WEAK = YES;
				CLANG_WARN_BLOCK_CAPTURE_AUTORELEASING = YES;
				CLANG_WARN_BOOL_CONVERSION = YES;
				CLANG_WARN_COMMA = YES;
				CLANG_WARN_CONSTANT_CONVERSION = YES;
				CLANG_WARN_DEPRECATED_OBJC_IMPLEMENTATIONS = YES;
				CLANG_WARN_DIRECT_OBJC_ISA_USAGE = YES_ERROR;
				CLANG_WARN_DOCUMENTATION_COMMENTS = YES;
				CLANG_WARN_EMPTY_BODY = YES;
				CLANG_WARN_ENUM_CONVERSION = YES;
				CLANG_WARN_INFINITE_RECURSION = YES;
				CLANG_WARN_INT_CONVERSION = YES;
				CLANG_WARN_NON_LITERAL_NULL_CONVERSION = YES;
				CLANG_WARN_OBJC_IMPLICIT_RETAIN_SELF = YES;
				CLANG_WARN_OBJC_LITERAL_CONVERSION = YES;
				CLANG_WARN_OBJC_ROOT_CLASS = YES_ERROR;
				CLANG_WARN_RANGE_LOOP_ANALYSIS = YES;
				CLANG_WARN_STRICT_PROTOTYPES = YES;
				CLANG_WARN_SUSPICIOUS_MOVE = YES;
				CLANG_WARN_UNGUARDED_AVAILABILITY = YES_AGGRESSIVE;
				CLANG_WARN_UNREACHABLE_CODE = YES;
				CLANG_WARN__DUPLICATE_METHOD_MATCH = YES;
				CODE_SIGN_IDENTITY = "iPhone Developer";
				COPY_PHASE_STRIP = NO;
				DEBUG_INFORMATION_FORMAT = "dwarf-with-dsym";
				ENABLE_NS_ASSERTIONS = NO;
				ENABLE_STRICT_OBJC_MSGSEND = YES;
				GCC_C_LANGUAGE_STANDARD = gnu11;
				GCC_NO_COMMON_BLOCKS = YES;
				GCC_WARN_64_TO_32_BIT_CONVERSION = YES;
				GCC_WARN_ABOUT_RETURN_TYPE = YES_ERROR;
				GCC_WARN_UNDECLARED_SELECTOR = YES;
				GCC_WARN_UNINITIALIZED_AUTOS = YES_AGGRESSIVE;
				GCC_WARN_UNUSED_FUNCTION = YES;
				GCC_WARN_UNUSED_VARIABLE = YES;
				IPHONEOS_DEPLOYMENT_TARGET = 12.0;
				MTL_ENABLE_DEBUG_INFO = NO;
				MTL_FAST_MATH = YES;
				SDKROOT = iphoneos;
				SWIFT_COMPILATION_MODE = wholemodule;
				SWIFT_OPTIMIZATION_LEVEL = "-O";
				VALIDATE_PRODUCT = YES;
			};
			name = Release;
		};
		4F0D3158218ECFD500040848 /* Debug */ = {
			isa = XCBuildConfiguration;
			buildSettings = {
				ASSETCATALOG_COMPILER_APPICON_NAME = AppIcon;
				CODE_SIGN_STYLE = Automatic;
				DEVELOPMENT_TEAM = NM3BMWTZR6;
				INFOPLIST_FILE = CollectionViewWithSectionTest/Info.plist;
				IPHONEOS_DEPLOYMENT_TARGET = 11.0;
				LD_RUNPATH_SEARCH_PATHS = (
					"$(inherited)",
					"@executable_path/Frameworks",
				);
				PRODUCT_BUNDLE_IDENTIFIER = com.padc.CollectionViewWithSectionTest;
				PRODUCT_NAME = "$(TARGET_NAME)";
				SWIFT_VERSION = 4.2;
				TARGETED_DEVICE_FAMILY = "1,2";
			};
			name = Debug;
		};
		4F0D3159218ECFD500040848 /* Release */ = {
			isa = XCBuildConfiguration;
			buildSettings = {
				ASSETCATALOG_COMPILER_APPICON_NAME = AppIcon;
				CODE_SIGN_STYLE = Automatic;
				DEVELOPMENT_TEAM = NM3BMWTZR6;
				INFOPLIST_FILE = CollectionViewWithSectionTest/Info.plist;
				IPHONEOS_DEPLOYMENT_TARGET = 11.0;
				LD_RUNPATH_SEARCH_PATHS = (
					"$(inherited)",
					"@executable_path/Frameworks",
				);
				PRODUCT_BUNDLE_IDENTIFIER = com.padc.CollectionViewWithSectionTest;
				PRODUCT_NAME = "$(TARGET_NAME)";
				SWIFT_VERSION = 4.2;
				TARGETED_DEVICE_FAMILY = "1,2";
			};
			name = Release;
		};
/* End XCBuildConfiguration section */

/* Begin XCConfigurationList section */
		4F0D3140218ECFD400040848 /* Build configuration list for PBXProject "CollectionViewWithSectionTest" */ = {
			isa = XCConfigurationList;
			buildConfigurations = (
				4F0D3155218ECFD500040848 /* Debug */,
				4F0D3156218ECFD500040848 /* Release */,
			);
			defaultConfigurationIsVisible = 0;
			defaultConfigurationName = Release;
		};
		4F0D3157218ECFD500040848 /* Build configuration list for PBXNativeTarget "CollectionViewWithSectionTest" */ = {
			isa = XCConfigurationList;
			buildConfigurations = (
				4F0D3158218ECFD500040848 /* Debug */,
				4F0D3159218ECFD500040848 /* Release */,
			);
			defaultConfigurationIsVisible = 0;
			defaultConfigurationName = Release;
		};
/* End XCConfigurationList section */
	};
	rootObject = 4F0D313D218ECFD400040848 /* Project object */;
}
